// !$*UTF8*$!
{
	archiveVersion = 1;
	classes = {
	};
	objectVersion = 50;
	objects = {

/* Begin PBXBuildFile section */
		799353AE24B236DD00D87FEB /* ASTNode.swift in Sources */ = {isa = PBXBuildFile; fileRef = 799353AD24B236DD00D87FEB /* ASTNode.swift */; };
		799353B024B241B600D87FEB /* Parser.swift in Sources */ = {isa = PBXBuildFile; fileRef = 799353AF24B241B600D87FEB /* Parser.swift */; };
		79DA711C24A987F600842FDC /* main.swift in Sources */ = {isa = PBXBuildFile; fileRef = 79DA711B24A987F600842FDC /* main.swift */; };
		79DA712324A9882200842FDC /* Token.swift in Sources */ = {isa = PBXBuildFile; fileRef = 79DA712224A9882200842FDC /* Token.swift */; };
		79DA712524A98B8800842FDC /* Interpreter.swift in Sources */ = {isa = PBXBuildFile; fileRef = 79DA712424A98B8800842FDC /* Interpreter.swift */; };
		79DA712724A9903500842FDC /* StringExtensions.swift in Sources */ = {isa = PBXBuildFile; fileRef = 79DA712624A9903500842FDC /* StringExtensions.swift */; };
		79DA712924A9CA1700842FDC /* CharacterExtensions.swift in Sources */ = {isa = PBXBuildFile; fileRef = 79DA712824A9CA1600842FDC /* CharacterExtensions.swift */; };
		79FEACEE24ACE81E004CC87E /* Lexer.swift in Sources */ = {isa = PBXBuildFile; fileRef = 79FEACED24ACE81E004CC87E /* Lexer.swift */; };
/* End PBXBuildFile section */

/* Begin PBXCopyFilesBuildPhase section */
		79DA711624A987F600842FDC /* CopyFiles */ = {
			isa = PBXCopyFilesBuildPhase;
			buildActionMask = 2147483647;
			dstPath = /usr/share/man/man1/;
			dstSubfolderSpec = 0;
			files = (
			);
			runOnlyForDeploymentPostprocessing = 1;
		};
/* End PBXCopyFilesBuildPhase section */

/* Begin PBXFileReference section */
		799353AD24B236DD00D87FEB /* ASTNode.swift */ = {isa = PBXFileReference; lastKnownFileType = sourcecode.swift; path = ASTNode.swift; sourceTree = "<group>"; };
		799353AF24B241B600D87FEB /* Parser.swift */ = {isa = PBXFileReference; lastKnownFileType = sourcecode.swift; path = Parser.swift; sourceTree = "<group>"; };
		79DA711824A987F600842FDC /* Basic99 */ = {isa = PBXFileReference; explicitFileType = "compiled.mach-o.executable"; includeInIndex = 0; path = Basic99; sourceTree = BUILT_PRODUCTS_DIR; };
		79DA711B24A987F600842FDC /* main.swift */ = {isa = PBXFileReference; lastKnownFileType = sourcecode.swift; path = main.swift; sourceTree = "<group>"; };
		79DA712224A9882200842FDC /* Token.swift */ = {isa = PBXFileReference; lastKnownFileType = sourcecode.swift; path = Token.swift; sourceTree = "<group>"; };
		79DA712424A98B8800842FDC /* Interpreter.swift */ = {isa = PBXFileReference; lastKnownFileType = sourcecode.swift; path = Interpreter.swift; sourceTree = "<group>"; };
		79DA712624A9903500842FDC /* StringExtensions.swift */ = {isa = PBXFileReference; lastKnownFileType = sourcecode.swift; path = StringExtensions.swift; sourceTree = "<group>"; };
		79DA712824A9CA1600842FDC /* CharacterExtensions.swift */ = {isa = PBXFileReference; lastKnownFileType = sourcecode.swift; path = CharacterExtensions.swift; sourceTree = "<group>"; };
		79DA712A24A9E81B00842FDC /* README.md */ = {isa = PBXFileReference; lastKnownFileType = net.daringfireball.markdown; path = README.md; sourceTree = "<group>"; };
		79FEACED24ACE81E004CC87E /* Lexer.swift */ = {isa = PBXFileReference; lastKnownFileType = sourcecode.swift; path = Lexer.swift; sourceTree = "<group>"; };
/* End PBXFileReference section */

/* Begin PBXFrameworksBuildPhase section */
		79DA711524A987F600842FDC /* Frameworks */ = {
			isa = PBXFrameworksBuildPhase;
			buildActionMask = 2147483647;
			files = (
			);
			runOnlyForDeploymentPostprocessing = 0;
		};
/* End PBXFrameworksBuildPhase section */

/* Begin PBXGroup section */
		79DA710F24A987F500842FDC = {
			isa = PBXGroup;
			children = (
				79DA712A24A9E81B00842FDC /* README.md */,
				79DA711A24A987F600842FDC /* Basic99 */,
				79DA711924A987F600842FDC /* Products */,
			);
			sourceTree = "<group>";
		};
		79DA711924A987F600842FDC /* Products */ = {
			isa = PBXGroup;
			children = (
				79DA711824A987F600842FDC /* Basic99 */,
			);
			name = Products;
			sourceTree = "<group>";
		};
		79DA711A24A987F600842FDC /* Basic99 */ = {
			isa = PBXGroup;
			children = (
				79DA711B24A987F600842FDC /* main.swift */,
				79DA712224A9882200842FDC /* Token.swift */,
				79DA712424A98B8800842FDC /* Interpreter.swift */,
				79DA712624A9903500842FDC /* StringExtensions.swift */,
				79DA712824A9CA1600842FDC /* CharacterExtensions.swift */,
				79FEACED24ACE81E004CC87E /* Lexer.swift */,
				799353AD24B236DD00D87FEB /* ASTNode.swift */,
				799353AF24B241B600D87FEB /* Parser.swift */,
			);
			path = Basic99;
			sourceTree = "<group>";
		};
/* End PBXGroup section */

/* Begin PBXNativeTarget section */
		79DA711724A987F600842FDC /* Basic99 */ = {
			isa = PBXNativeTarget;
			buildConfigurationList = 79DA711F24A987F600842FDC /* Build configuration list for PBXNativeTarget "Basic99" */;
			buildPhases = (
				79DA711424A987F600842FDC /* Sources */,
				79DA711524A987F600842FDC /* Frameworks */,
				79DA711624A987F600842FDC /* CopyFiles */,
			);
			buildRules = (
			);
			dependencies = (
			);
			name = Basic99;
			productName = Basic99;
			productReference = 79DA711824A987F600842FDC /* Basic99 */;
			productType = "com.apple.product-type.tool";
		};
/* End PBXNativeTarget section */

/* Begin PBXProject section */
		79DA711024A987F500842FDC /* Project object */ = {
			isa = PBXProject;
			attributes = {
				LastSwiftUpdateCheck = 1150;
				LastUpgradeCheck = 1150;
				ORGANIZATIONNAME = Wolftrail;
				TargetAttributes = {
					79DA711724A987F600842FDC = {
						CreatedOnToolsVersion = 11.5;
					};
				};
			};
			buildConfigurationList = 79DA711324A987F500842FDC /* Build configuration list for PBXProject "Basic99" */;
			compatibilityVersion = "Xcode 9.3";
			developmentRegion = en;
			hasScannedForEncodings = 0;
			knownRegions = (
				en,
				Base,
			);
			mainGroup = 79DA710F24A987F500842FDC;
			productRefGroup = 79DA711924A987F600842FDC /* Products */;
			projectDirPath = "";
			projectRoot = "";
			targets = (
				79DA711724A987F600842FDC /* Basic99 */,
			);
		};
/* End PBXProject section */

/* Begin PBXSourcesBuildPhase section */
		79DA711424A987F600842FDC /* Sources */ = {
			isa = PBXSourcesBuildPhase;
			buildActionMask = 2147483647;
			files = (
				79DA712724A9903500842FDC /* StringExtensions.swift in Sources */,
				79DA712924A9CA1700842FDC /* CharacterExtensions.swift in Sources */,
				79DA712524A98B8800842FDC /* Interpreter.swift in Sources */,
				79DA711C24A987F600842FDC /* main.swift in Sources */,
				799353B024B241B600D87FEB /* Parser.swift in Sources */,
				79FEACEE24ACE81E004CC87E /* Lexer.swift in Sources */,
				799353AE24B236DD00D87FEB /* ASTNode.swift in Sources */,
				79DA712324A9882200842FDC /* Token.swift in Sources */,
			);
			runOnlyForDeploymentPostprocessing = 0;
		};
/* End PBXSourcesBuildPhase section */

/* Begin XCBuildConfiguration section */
		79DA711D24A987F600842FDC /* Debug */ = {
			isa = XCBuildConfiguration;
			buildSettings = {
				ALWAYS_SEARCH_USER_PATHS = NO;
				CLANG_ANALYZER_NONNULL = YES;
				CLANG_ANALYZER_NUMBER_OBJECT_CONVERSION = YES_AGGRESSIVE;
				CLANG_CXX_LANGUAGE_STANDARD = "gnu++14";
				CLANG_CXX_LIBRARY = "libc++";
				CLANG_ENABLE_MODULES = YES;
				CLANG_ENABLE_OBJC_ARC = YES;
				CLANG_ENABLE_OBJC_WEAK = YES;
				CLANG_WARN_BLOCK_CAPTURE_AUTORELEASING = YES;
				CLANG_WARN_BOOL_CONVERSION = YES;
				CLANG_WARN_COMMA = YES;
				CLANG_WARN_CONSTANT_CONVERSION = YES;
				CLANG_WARN_DEPRECATED_OBJC_IMPLEMENTATIONS = YES;
				CLANG_WARN_DIRECT_OBJC_ISA_USAGE = YES_ERROR;
				CLANG_WARN_DOCUMENTATION_COMMENTS = YES;
				CLANG_WARN_EMPTY_BODY = YES;
				CLANG_WARN_ENUM_CONVERSION = YES;
				CLANG_WARN_INFINITE_RECURSION = YES;
				CLANG_WARN_INT_CONVERSION = YES;
				CLANG_WARN_NON_LITERAL_NULL_CONVERSION = YES;
				CLANG_WARN_OBJC_IMPLICIT_RETAIN_SELF = YES;
				CLANG_WARN_OBJC_LITERAL_CONVERSION = YES;
				CLANG_WARN_OBJC_ROOT_CLASS = YES_ERROR;
				CLANG_WARN_RANGE_LOOP_ANALYSIS = YES;
				CLANG_WARN_STRICT_PROTOTYPES = YES;
				CLANG_WARN_SUSPICIOUS_MOVE = YES;
				CLANG_WARN_UNGUARDED_AVAILABILITY = YES_AGGRESSIVE;
				CLANG_WARN_UNREACHABLE_CODE = YES;
				CLANG_WARN__DUPLICATE_METHOD_MATCH = YES;
				COPY_PHASE_STRIP = NO;
				DEBUG_INFORMATION_FORMAT = dwarf;
				ENABLE_STRICT_OBJC_MSGSEND = YES;
				ENABLE_TESTABILITY = YES;
				GCC_C_LANGUAGE_STANDARD = gnu11;
				GCC_DYNAMIC_NO_PIC = NO;
				GCC_NO_COMMON_BLOCKS = YES;
				GCC_OPTIMIZATION_LEVEL = 0;
				GCC_PREPROCESSOR_DEFINITIONS = (
					"DEBUG=1",
					"$(inherited)",
				);
				GCC_WARN_64_TO_32_BIT_CONVERSION = YES;
				GCC_WARN_ABOUT_RETURN_TYPE = YES_ERROR;
				GCC_WARN_UNDECLARED_SELECTOR = YES;
				GCC_WARN_UNINITIALIZED_AUTOS = YES_AGGRESSIVE;
				GCC_WARN_UNUSED_FUNCTION = YES;
				GCC_WARN_UNUSED_VARIABLE = YES;
				MACOSX_DEPLOYMENT_TARGET = 10.15;
				MTL_ENABLE_DEBUG_INFO = INCLUDE_SOURCE;
				MTL_FAST_MATH = YES;
				ONLY_ACTIVE_ARCH = YES;
				SDKROOT = macosx;
				SWIFT_ACTIVE_COMPILATION_CONDITIONS = DEBUG;
				SWIFT_OPTIMIZATION_LEVEL = "-Onone";
			};
			name = Debug;
		};
		79DA711E24A987F600842FDC /* Release */ = {
			isa = XCBuildConfiguration;
			buildSettings = {
				ALWAYS_SEARCH_USER_PATHS = NO;
				CLANG_ANALYZER_NONNULL = YES;
				CLANG_ANALYZER_NUMBER_OBJECT_CONVERSION = YES_AGGRESSIVE;
				CLANG_CXX_LANGUAGE_STANDARD = "gnu++14";
				CLANG_CXX_LIBRARY = "libc++";
				CLANG_ENABLE_MODULES = YES;
				CLANG_ENABLE_OBJC_ARC = YES;
				CLANG_ENABLE_OBJC_WEAK = YES;
				CLANG_WARN_BLOCK_CAPTURE_AUTORELEASING = YES;
				CLANG_WARN_BOOL_CONVERSION = YES;
				CLANG_WARN_COMMA = YES;
				CLANG_WARN_CONSTANT_CONVERSION = YES;
				CLANG_WARN_DEPRECATED_OBJC_IMPLEMENTATIONS = YES;
				CLANG_WARN_DIRECT_OBJC_ISA_USAGE = YES_ERROR;
				CLANG_WARN_DOCUMENTATION_COMMENTS = YES;
				CLANG_WARN_EMPTY_BODY = YES;
				CLANG_WARN_ENUM_CONVERSION = YES;
				CLANG_WARN_INFINITE_RECURSION = YES;
				CLANG_WARN_INT_CONVERSION = YES;
				CLANG_WARN_NON_LITERAL_NULL_CONVERSION = YES;
				CLANG_WARN_OBJC_IMPLICIT_RETAIN_SELF = YES;
				CLANG_WARN_OBJC_LITERAL_CONVERSION = YES;
				CLANG_WARN_OBJC_ROOT_CLASS = YES_ERROR;
				CLANG_WARN_RANGE_LOOP_ANALYSIS = YES;
				CLANG_WARN_STRICT_PROTOTYPES = YES;
				CLANG_WARN_SUSPICIOUS_MOVE = YES;
				CLANG_WARN_UNGUARDED_AVAILABILITY = YES_AGGRESSIVE;
				CLANG_WARN_UNREACHABLE_CODE = YES;
				CLANG_WARN__DUPLICATE_METHOD_MATCH = YES;
				COPY_PHASE_STRIP = NO;
				DEBUG_INFORMATION_FORMAT = "dwarf-with-dsym";
				ENABLE_NS_ASSERTIONS = NO;
				ENABLE_STRICT_OBJC_MSGSEND = YES;
				GCC_C_LANGUAGE_STANDARD = gnu11;
				GCC_NO_COMMON_BLOCKS = YES;
				GCC_WARN_64_TO_32_BIT_CONVERSION = YES;
				GCC_WARN_ABOUT_RETURN_TYPE = YES_ERROR;
				GCC_WARN_UNDECLARED_SELECTOR = YES;
				GCC_WARN_UNINITIALIZED_AUTOS = YES_AGGRESSIVE;
				GCC_WARN_UNUSED_FUNCTION = YES;
				GCC_WARN_UNUSED_VARIABLE = YES;
				MACOSX_DEPLOYMENT_TARGET = 10.15;
				MTL_ENABLE_DEBUG_INFO = NO;
				MTL_FAST_MATH = YES;
				SDKROOT = macosx;
				SWIFT_COMPILATION_MODE = wholemodule;
				SWIFT_OPTIMIZATION_LEVEL = "-O";
			};
			name = Release;
		};
		79DA712024A987F600842FDC /* Debug */ = {
			isa = XCBuildConfiguration;
			buildSettings = {
				CODE_SIGN_STYLE = Manual;
				DEVELOPMENT_TEAM = "";
				ENABLE_HARDENED_RUNTIME = YES;
				PRODUCT_NAME = "$(TARGET_NAME)";
				PROVISIONING_PROFILE_SPECIFIER = "";
				SWIFT_VERSION = 5.0;
			};
			name = Debug;
		};
		79DA712124A987F600842FDC /* Release */ = {
			isa = XCBuildConfiguration;
			buildSettings = {
				CODE_SIGN_STYLE = Manual;
				DEVELOPMENT_TEAM = "";
				ENABLE_HARDENED_RUNTIME = YES;
				PRODUCT_NAME = "$(TARGET_NAME)";
				PROVISIONING_PROFILE_SPECIFIER = "";
				SWIFT_VERSION = 5.0;
			};
			name = Release;
		};
/* End XCBuildConfiguration section */

/* Begin XCConfigurationList section */
		79DA711324A987F500842FDC /* Build configuration list for PBXProject "Basic99" */ = {
			isa = XCConfigurationList;
			buildConfigurations = (
				79DA711D24A987F600842FDC /* Debug */,
				79DA711E24A987F600842FDC /* Release */,
			);
			defaultConfigurationIsVisible = 0;
			defaultConfigurationName = Release;
		};
		79DA711F24A987F600842FDC /* Build configuration list for PBXNativeTarget "Basic99" */ = {
			isa = XCConfigurationList;
			buildConfigurations = (
				79DA712024A987F600842FDC /* Debug */,
				79DA712124A987F600842FDC /* Release */,
			);
			defaultConfigurationIsVisible = 0;
			defaultConfigurationName = Release;
		};
/* End XCConfigurationList section */
	};
	rootObject = 79DA711024A987F500842FDC /* Project object */;
}
